
Microsoft Visual Studio Solution File, Format Version 12.00
# Visual Studio Version 17
VisualStudioVersion = 17.14.36202.13 d17.14
MinimumVisualStudioVersion = 10.0.40219.1
Project("{FAE04EC0-301F-11D3-BF4B-00C04F79EFBC}") = "WordLearnerKids", "WordLearnerKids.csproj", "{91B7E11A-E4BD-161C-8707-1D43BDB65AF9}"
EndProject
Global
	GlobalSection(SolutionConfigurationPlatforms) = preSolution
		Debug|Any CPU = Debug|Any CPU
		Release|Any CPU = Release|Any CPU
	EndGlobalSection
	GlobalSection(ProjectConfigurationPlatforms) = postSolution
		{91B7E11A-E4BD-161C-8707-1D43BDB65AF9}.Debug|Any CPU.ActiveCfg = Debug|Any CPU
		{91B7E11A-E4BD-161C-8707-1D43BDB65AF9}.Debug|Any CPU.Build.0 = Debug|Any CPU
		{91B7E11A-E4BD-161C-8707-1D43BDB65AF9}.Release|Any CPU.ActiveCfg = Release|Any CPU
		{91B7E11A-E4BD-161C-8707-1D43BDB65AF9}.Release|Any CPU.Build.0 = Release|Any CPU
	EndGlobalSection
	GlobalSection(SolutionProperties) = preSolution
		HideSolutionNode = FALSE
	EndGlobalSection
	GlobalSection(ExtensibilityGlobals) = postSolution
		SolutionGuid = {15687AE0-CFB9-499F-B951-F72A0C1E31AD}
	EndGlobalSection
EndGlobal
